
Microsoft Visual Studio Solution File, Format Version 12.00
# Visual Studio 2013
VisualStudioVersion = 12.0.40629.0
MinimumVisualStudioVersion = 10.0.40219.1
Project("{FAE04EC0-301F-11D3-BF4B-00C04F79EFBC}") = "CMS.Web", "CMS.Web\CMS.Web.csproj", "{71ADD9EF-D3AF-4AFE-8427-D10A52BAAF90}"
EndProject
Project("{FAE04EC0-301F-11D3-BF4B-00C04F79EFBC}") = "CMS.Common", "CMS.Common\CMS.Common.csproj", "{6468CBF1-9D41-4231-8814-14491922FECC}"
EndProject
Project("{FAE04EC0-301F-11D3-BF4B-00C04F79EFBC}") = "CMS.Model", "CMS.Model\CMS.Model.csproj", "{D67868C9-56B9-4E35-8E15-C105FC44CFB9}"
EndProject
Project("{FAE04EC0-301F-11D3-BF4B-00C04F79EFBC}") = "CMS.DAL", "CMS.DAL\CMS.DAL.csproj", "{CE7D2820-3864-405C-BC07-73696661A311}"
EndProject
Project("{FAE04EC0-301F-11D3-BF4B-00C04F79EFBC}") = "CMS.BLL", "CMS.BLL\CMS.BLL.csproj", "{0484F2ED-8EF3-4C40-8B3A-FE52B5E71AC2}"
EndProject
Project("{FAE04EC0-301F-11D3-BF4B-00C04F79EFBC}") = "CMS.DBUtility", "CMS.DBUtility\CMS.DBUtility.csproj", "{80541F63-161F-45CD-9710-CD1EA08F1D67}"
EndProject
Project("{FAE04EC0-301F-11D3-BF4B-00C04F79EFBC}") = "CMS.API", "CMS.API\CMS.API.csproj", "{6F974B43-717A-48F3-8EEE-54F5F66391E2}"
EndProject
Project("{FAE04EC0-301F-11D3-BF4B-00C04F79EFBC}") = "CMS.Web.UI", "CMS.Web.UI\CMS.Web.UI.csproj", "{58376273-DA57-4220-8935-6AF4D998C0F4}"
EndProject
Project("{FAE04EC0-301F-11D3-BF4B-00C04F79EFBC}") = "CMS.Web.Plugin.Feedback", "CMS.Web\plugins\feedback\CMS.Web.Plugin.Feedback.csproj", "{A32411D0-1B69-47A9-AC5C-E7E31D5C297B}"
EndProject
Project("{FAE04EC0-301F-11D3-BF4B-00C04F79EFBC}") = "CMS.Web.Plugin.Link", "CMS.Web\plugins\link\CMS.Web.Plugin.Link.csproj", "{A5996A0F-8D28-41C7-AA03-29C7E9E0B88C}"
EndProject
Project("{FAE04EC0-301F-11D3-BF4B-00C04F79EFBC}") = "CMS.Web.Plugin.Advert", "CMS.Web\plugins\advert\CMS.Web.Plugin.Advert.csproj", "{572E3093-A353-4C12-BC4B-18C4EDB27591}"
EndProject
Project("{FAE04EC0-301F-11D3-BF4B-00C04F79EFBC}") = "CMS.Web.Plugin.Forum", "CMS.Web\plugins\forum\CMS.Web.Plugin.Forum.csproj", "{8BDADB75-CF46-4687-97BB-851885EBA98E}"
EndProject
Project("{FAE04EC0-301F-11D3-BF4B-00C04F79EFBC}") = "CMS.Web.File", "CMS.Web.File\CMS.Web.File.csproj", "{A4B8C45E-7FDA-4625-97B9-F20F035087D2}"
EndProject
Project("{FAE04EC0-301F-11D3-BF4B-00C04F79EFBC}") = "CMS.Services", "CMS.Services\CMS.Services.csproj", "{58820CE2-C0E1-4EE5-87D0-78DA85C00EBD}"
EndProject
Global
	GlobalSection(SolutionConfigurationPlatforms) = preSolution
		Debug|Any CPU = Debug|Any CPU
		Debug|Mixed Platforms = Debug|Mixed Platforms
		Debug|x86 = Debug|x86
		Release|Any CPU = Release|Any CPU
		Release|Mixed Platforms = Release|Mixed Platforms
		Release|x86 = Release|x86
	EndGlobalSection
	GlobalSection(ProjectConfigurationPlatforms) = postSolution
		{71ADD9EF-D3AF-4AFE-8427-D10A52BAAF90}.Debug|Any CPU.ActiveCfg = Debug|Any CPU
		{71ADD9EF-D3AF-4AFE-8427-D10A52BAAF90}.Debug|Any CPU.Build.0 = Debug|Any CPU
		{71ADD9EF-D3AF-4AFE-8427-D10A52BAAF90}.Debug|Mixed Platforms.ActiveCfg = Debug|Any CPU
		{71ADD9EF-D3AF-4AFE-8427-D10A52BAAF90}.Debug|Mixed Platforms.Build.0 = Debug|Any CPU
		{71ADD9EF-D3AF-4AFE-8427-D10A52BAAF90}.Debug|x86.ActiveCfg = Debug|Any CPU
		{71ADD9EF-D3AF-4AFE-8427-D10A52BAAF90}.Release|Any CPU.ActiveCfg = Release|Any CPU
		{71ADD9EF-D3AF-4AFE-8427-D10A52BAAF90}.Release|Any CPU.Build.0 = Release|Any CPU
		{71ADD9EF-D3AF-4AFE-8427-D10A52BAAF90}.Release|Mixed Platforms.ActiveCfg = Release|Any CPU
		{71ADD9EF-D3AF-4AFE-8427-D10A52BAAF90}.Release|Mixed Platforms.Build.0 = Release|Any CPU
		{71ADD9EF-D3AF-4AFE-8427-D10A52BAAF90}.Release|x86.ActiveCfg = Release|Any CPU
		{6468CBF1-9D41-4231-8814-14491922FECC}.Debug|Any CPU.ActiveCfg = Debug|Any CPU
		{6468CBF1-9D41-4231-8814-14491922FECC}.Debug|Any CPU.Build.0 = Debug|Any CPU
		{6468CBF1-9D41-4231-8814-14491922FECC}.Debug|Mixed Platforms.ActiveCfg = Debug|Any CPU
		{6468CBF1-9D41-4231-8814-14491922FECC}.Debug|Mixed Platforms.Build.0 = Debug|Any CPU
		{6468CBF1-9D41-4231-8814-14491922FECC}.Debug|x86.ActiveCfg = Debug|Any CPU
		{6468CBF1-9D41-4231-8814-14491922FECC}.Release|Any CPU.ActiveCfg = Release|Any CPU
		{6468CBF1-9D41-4231-8814-14491922FECC}.Release|Any CPU.Build.0 = Release|Any CPU
		{6468CBF1-9D41-4231-8814-14491922FECC}.Release|Mixed Platforms.ActiveCfg = Release|Any CPU
		{6468CBF1-9D41-4231-8814-14491922FECC}.Release|Mixed Platforms.Build.0 = Release|Any CPU
		{6468CBF1-9D41-4231-8814-14491922FECC}.Release|x86.ActiveCfg = Release|Any CPU
		{D67868C9-56B9-4E35-8E15-C105FC44CFB9}.Debug|Any CPU.ActiveCfg = Debug|Any CPU
		{D67868C9-56B9-4E35-8E15-C105FC44CFB9}.Debug|Any CPU.Build.0 = Debug|Any CPU
		{D67868C9-56B9-4E35-8E15-C105FC44CFB9}.Debug|Mixed Platforms.ActiveCfg = Debug|Any CPU
		{D67868C9-56B9-4E35-8E15-C105FC44CFB9}.Debug|Mixed Platforms.Build.0 = Debug|Any CPU
		{D67868C9-56B9-4E35-8E15-C105FC44CFB9}.Debug|x86.ActiveCfg = Debug|Any CPU
		{D67868C9-56B9-4E35-8E15-C105FC44CFB9}.Release|Any CPU.ActiveCfg = Release|Any CPU
		{D67868C9-56B9-4E35-8E15-C105FC44CFB9}.Release|Any CPU.Build.0 = Release|Any CPU
		{D67868C9-56B9-4E35-8E15-C105FC44CFB9}.Release|Mixed Platforms.ActiveCfg = Release|Any CPU
		{D67868C9-56B9-4E35-8E15-C105FC44CFB9}.Release|Mixed Platforms.Build.0 = Release|Any CPU
		{D67868C9-56B9-4E35-8E15-C105FC44CFB9}.Release|x86.ActiveCfg = Release|Any CPU
		{CE7D2820-3864-405C-BC07-73696661A311}.Debug|Any CPU.ActiveCfg = Debug|Any CPU
		{CE7D2820-3864-405C-BC07-73696661A311}.Debug|Any CPU.Build.0 = Debug|Any CPU
		{CE7D2820-3864-405C-BC07-73696661A311}.Debug|Mixed Platforms.ActiveCfg = Debug|Any CPU
		{CE7D2820-3864-405C-BC07-73696661A311}.Debug|Mixed Platforms.Build.0 = Debug|Any CPU
		{CE7D2820-3864-405C-BC07-73696661A311}.Debug|x86.ActiveCfg = Debug|Any CPU
		{CE7D2820-3864-405C-BC07-73696661A311}.Release|Any CPU.ActiveCfg = Release|Any CPU
		{CE7D2820-3864-405C-BC07-73696661A311}.Release|Any CPU.Build.0 = Release|Any CPU
		{CE7D2820-3864-405C-BC07-73696661A311}.Release|Mixed Platforms.ActiveCfg = Release|Any CPU
		{CE7D2820-3864-405C-BC07-73696661A311}.Release|Mixed Platforms.Build.0 = Release|Any CPU
		{CE7D2820-3864-405C-BC07-73696661A311}.Release|x86.ActiveCfg = Release|Any CPU
		{0484F2ED-8EF3-4C40-8B3A-FE52B5E71AC2}.Debug|Any CPU.ActiveCfg = Debug|Any CPU
		{0484F2ED-8EF3-4C40-8B3A-FE52B5E71AC2}.Debug|Any CPU.Build.0 = Debug|Any CPU
		{0484F2ED-8EF3-4C40-8B3A-FE52B5E71AC2}.Debug|Mixed Platforms.ActiveCfg = Debug|Any CPU
		{0484F2ED-8EF3-4C40-8B3A-FE52B5E71AC2}.Debug|Mixed Platforms.Build.0 = Debug|Any CPU
		{0484F2ED-8EF3-4C40-8B3A-FE52B5E71AC2}.Debug|x86.ActiveCfg = Debug|Any CPU
		{0484F2ED-8EF3-4C40-8B3A-FE52B5E71AC2}.Release|Any CPU.ActiveCfg = Release|Any CPU
		{0484F2ED-8EF3-4C40-8B3A-FE52B5E71AC2}.Release|Any CPU.Build.0 = Release|Any CPU
		{0484F2ED-8EF3-4C40-8B3A-FE52B5E71AC2}.Release|Mixed Platforms.ActiveCfg = Release|Any CPU
		{0484F2ED-8EF3-4C40-8B3A-FE52B5E71AC2}.Release|Mixed Platforms.Build.0 = Release|Any CPU
		{0484F2ED-8EF3-4C40-8B3A-FE52B5E71AC2}.Release|x86.ActiveCfg = Release|Any CPU
		{80541F63-161F-45CD-9710-CD1EA08F1D67}.Debug|Any CPU.ActiveCfg = Debug|Any CPU
		{80541F63-161F-45CD-9710-CD1EA08F1D67}.Debug|Any CPU.Build.0 = Debug|Any CPU
		{80541F63-161F-45CD-9710-CD1EA08F1D67}.Debug|Mixed Platforms.ActiveCfg = Debug|Any CPU
		{80541F63-161F-45CD-9710-CD1EA08F1D67}.Debug|Mixed Platforms.Build.0 = Debug|Any CPU
		{80541F63-161F-45CD-9710-CD1EA08F1D67}.Debug|x86.ActiveCfg = Debug|Any CPU
		{80541F63-161F-45CD-9710-CD1EA08F1D67}.Release|Any CPU.ActiveCfg = Release|Any CPU
		{80541F63-161F-45CD-9710-CD1EA08F1D67}.Release|Any CPU.Build.0 = Release|Any CPU
		{80541F63-161F-45CD-9710-CD1EA08F1D67}.Release|Mixed Platforms.ActiveCfg = Release|Any CPU
		{80541F63-161F-45CD-9710-CD1EA08F1D67}.Release|Mixed Platforms.Build.0 = Release|Any CPU
		{80541F63-161F-45CD-9710-CD1EA08F1D67}.Release|x86.ActiveCfg = Release|Any CPU
		{6F974B43-717A-48F3-8EEE-54F5F66391E2}.Debug|Any CPU.ActiveCfg = Debug|Any CPU
		{6F974B43-717A-48F3-8EEE-54F5F66391E2}.Debug|Any CPU.Build.0 = Debug|Any CPU
		{6F974B43-717A-48F3-8EEE-54F5F66391E2}.Debug|Mixed Platforms.ActiveCfg = Debug|Any CPU
		{6F974B43-717A-48F3-8EEE-54F5F66391E2}.Debug|Mixed Platforms.Build.0 = Debug|Any CPU
		{6F974B43-717A-48F3-8EEE-54F5F66391E2}.Debug|x86.ActiveCfg = Debug|Any CPU
		{6F974B43-717A-48F3-8EEE-54F5F66391E2}.Release|Any CPU.ActiveCfg = Release|Any CPU
		{6F974B43-717A-48F3-8EEE-54F5F66391E2}.Release|Any CPU.Build.0 = Release|Any CPU
		{6F974B43-717A-48F3-8EEE-54F5F66391E2}.Release|Mixed Platforms.ActiveCfg = Release|Any CPU
		{6F974B43-717A-48F3-8EEE-54F5F66391E2}.Release|Mixed Platforms.Build.0 = Release|Any CPU
		{6F974B43-717A-48F3-8EEE-54F5F66391E2}.Release|x86.ActiveCfg = Release|Any CPU
		{58376273-DA57-4220-8935-6AF4D998C0F4}.Debug|Any CPU.ActiveCfg = Debug|Any CPU
		{58376273-DA57-4220-8935-6AF4D998C0F4}.Debug|Any CPU.Build.0 = Debug|Any CPU
		{58376273-DA57-4220-8935-6AF4D998C0F4}.Debug|Mixed Platforms.ActiveCfg = Debug|Any CPU
		{58376273-DA57-4220-8935-6AF4D998C0F4}.Debug|Mixed Platforms.Build.0 = Debug|Any CPU
		{58376273-DA57-4220-8935-6AF4D998C0F4}.Debug|x86.ActiveCfg = Debug|Any CPU
		{58376273-DA57-4220-8935-6AF4D998C0F4}.Release|Any CPU.ActiveCfg = Release|Any CPU
		{58376273-DA57-4220-8935-6AF4D998C0F4}.Release|Any CPU.Build.0 = Release|Any CPU
		{58376273-DA57-4220-8935-6AF4D998C0F4}.Release|Mixed Platforms.ActiveCfg = Release|Any CPU
		{58376273-DA57-4220-8935-6AF4D998C0F4}.Release|Mixed Platforms.Build.0 = Release|Any CPU
		{58376273-DA57-4220-8935-6AF4D998C0F4}.Release|x86.ActiveCfg = Release|Any CPU
		{A32411D0-1B69-47A9-AC5C-E7E31D5C297B}.Debug|Any CPU.ActiveCfg = Debug|Any CPU
		{A32411D0-1B69-47A9-AC5C-E7E31D5C297B}.Debug|Any CPU.Build.0 = Debug|Any CPU
		{A32411D0-1B69-47A9-AC5C-E7E31D5C297B}.Debug|Mixed Platforms.ActiveCfg = Debug|Any CPU
		{A32411D0-1B69-47A9-AC5C-E7E31D5C297B}.Debug|Mixed Platforms.Build.0 = Debug|Any CPU
		{A32411D0-1B69-47A9-AC5C-E7E31D5C297B}.Debug|x86.ActiveCfg = Debug|Any CPU
		{A32411D0-1B69-47A9-AC5C-E7E31D5C297B}.Release|Any CPU.ActiveCfg = Release|Any CPU
		{A32411D0-1B69-47A9-AC5C-E7E31D5C297B}.Release|Any CPU.Build.0 = Release|Any CPU
		{A32411D0-1B69-47A9-AC5C-E7E31D5C297B}.Release|Mixed Platforms.ActiveCfg = Release|Any CPU
		{A32411D0-1B69-47A9-AC5C-E7E31D5C297B}.Release|Mixed Platforms.Build.0 = Release|Any CPU
		{A32411D0-1B69-47A9-AC5C-E7E31D5C297B}.Release|x86.ActiveCfg = Release|Any CPU
		{A5996A0F-8D28-41C7-AA03-29C7E9E0B88C}.Debug|Any CPU.ActiveCfg = Debug|Any CPU
		{A5996A0F-8D28-41C7-AA03-29C7E9E0B88C}.Debug|Any CPU.Build.0 = Debug|Any CPU
		{A5996A0F-8D28-41C7-AA03-29C7E9E0B88C}.Debug|Mixed Platforms.ActiveCfg = Debug|Any CPU
		{A5996A0F-8D28-41C7-AA03-29C7E9E0B88C}.Debug|Mixed Platforms.Build.0 = Debug|Any CPU
		{A5996A0F-8D28-41C7-AA03-29C7E9E0B88C}.Debug|x86.ActiveCfg = Debug|Any CPU
		{A5996A0F-8D28-41C7-AA03-29C7E9E0B88C}.Release|Any CPU.ActiveCfg = Release|Any CPU
		{A5996A0F-8D28-41C7-AA03-29C7E9E0B88C}.Release|Any CPU.Build.0 = Release|Any CPU
		{A5996A0F-8D28-41C7-AA03-29C7E9E0B88C}.Release|Mixed Platforms.ActiveCfg = Release|Any CPU
		{A5996A0F-8D28-41C7-AA03-29C7E9E0B88C}.Release|Mixed Platforms.Build.0 = Release|Any CPU
		{A5996A0F-8D28-41C7-AA03-29C7E9E0B88C}.Release|x86.ActiveCfg = Release|Any CPU
		{572E3093-A353-4C12-BC4B-18C4EDB27591}.Debug|Any CPU.ActiveCfg = Debug|Any CPU
		{572E3093-A353-4C12-BC4B-18C4EDB27591}.Debug|Any CPU.Build.0 = Debug|Any CPU
		{572E3093-A353-4C12-BC4B-18C4EDB27591}.Debug|Mixed Platforms.ActiveCfg = Debug|Any CPU
		{572E3093-A353-4C12-BC4B-18C4EDB27591}.Debug|Mixed Platforms.Build.0 = Debug|Any CPU
		{572E3093-A353-4C12-BC4B-18C4EDB27591}.Debug|x86.ActiveCfg = Debug|Any CPU
		{572E3093-A353-4C12-BC4B-18C4EDB27591}.Release|Any CPU.ActiveCfg = Release|Any CPU
		{572E3093-A353-4C12-BC4B-18C4EDB27591}.Release|Any CPU.Build.0 = Release|Any CPU
		{572E3093-A353-4C12-BC4B-18C4EDB27591}.Release|Mixed Platforms.ActiveCfg = Release|Any CPU
		{572E3093-A353-4C12-BC4B-18C4EDB27591}.Release|Mixed Platforms.Build.0 = Release|Any CPU
		{572E3093-A353-4C12-BC4B-18C4EDB27591}.Release|x86.ActiveCfg = Release|Any CPU
		{8BDADB75-CF46-4687-97BB-851885EBA98E}.Debug|Any CPU.ActiveCfg = Debug|Any CPU
		{8BDADB75-CF46-4687-97BB-851885EBA98E}.Debug|Any CPU.Build.0 = Debug|Any CPU
		{8BDADB75-CF46-4687-97BB-851885EBA98E}.Debug|Mixed Platforms.ActiveCfg = Debug|Any CPU
		{8BDADB75-CF46-4687-97BB-851885EBA98E}.Debug|Mixed Platforms.Build.0 = Debug|Any CPU
		{8BDADB75-CF46-4687-97BB-851885EBA98E}.Debug|x86.ActiveCfg = Debug|Any CPU
		{8BDADB75-CF46-4687-97BB-851885EBA98E}.Release|Any CPU.ActiveCfg = Release|Any CPU
		{8BDADB75-CF46-4687-97BB-851885EBA98E}.Release|Any CPU.Build.0 = Release|Any CPU
		{8BDADB75-CF46-4687-97BB-851885EBA98E}.Release|Mixed Platforms.ActiveCfg = Release|Any CPU
		{8BDADB75-CF46-4687-97BB-851885EBA98E}.Release|Mixed Platforms.Build.0 = Release|Any CPU
		{8BDADB75-CF46-4687-97BB-851885EBA98E}.Release|x86.ActiveCfg = Release|Any CPU
		{A4B8C45E-7FDA-4625-97B9-F20F035087D2}.Debug|Any CPU.ActiveCfg = Debug|Any CPU
		{A4B8C45E-7FDA-4625-97B9-F20F035087D2}.Debug|Any CPU.Build.0 = Debug|Any CPU
		{A4B8C45E-7FDA-4625-97B9-F20F035087D2}.Debug|Mixed Platforms.ActiveCfg = Debug|Any CPU
		{A4B8C45E-7FDA-4625-97B9-F20F035087D2}.Debug|Mixed Platforms.Build.0 = Debug|Any CPU
		{A4B8C45E-7FDA-4625-97B9-F20F035087D2}.Debug|x86.ActiveCfg = Debug|Any CPU
		{A4B8C45E-7FDA-4625-97B9-F20F035087D2}.Release|Any CPU.ActiveCfg = Release|Any CPU
		{A4B8C45E-7FDA-4625-97B9-F20F035087D2}.Release|Any CPU.Build.0 = Release|Any CPU
		{A4B8C45E-7FDA-4625-97B9-F20F035087D2}.Release|Mixed Platforms.ActiveCfg = Release|Any CPU
		{A4B8C45E-7FDA-4625-97B9-F20F035087D2}.Release|Mixed Platforms.Build.0 = Release|Any CPU
		{A4B8C45E-7FDA-4625-97B9-F20F035087D2}.Release|x86.ActiveCfg = Release|Any CPU
		{58820CE2-C0E1-4EE5-87D0-78DA85C00EBD}.Debug|Any CPU.ActiveCfg = Debug|x86
		{58820CE2-C0E1-4EE5-87D0-78DA85C00EBD}.Debug|Mixed Platforms.ActiveCfg = Debug|x86
		{58820CE2-C0E1-4EE5-87D0-78DA85C00EBD}.Debug|Mixed Platforms.Build.0 = Debug|x86
		{58820CE2-C0E1-4EE5-87D0-78DA85C00EBD}.Debug|x86.ActiveCfg = Debug|x86
		{58820CE2-C0E1-4EE5-87D0-78DA85C00EBD}.Debug|x86.Build.0 = Debug|x86
		{58820CE2-C0E1-4EE5-87D0-78DA85C00EBD}.Release|Any CPU.ActiveCfg = Release|x86
		{58820CE2-C0E1-4EE5-87D0-78DA85C00EBD}.Release|Mixed Platforms.ActiveCfg = Release|x86
		{58820CE2-C0E1-4EE5-87D0-78DA85C00EBD}.Release|Mixed Platforms.Build.0 = Release|x86
		{58820CE2-C0E1-4EE5-87D0-78DA85C00EBD}.Release|x86.ActiveCfg = Release|x86
		{58820CE2-C0E1-4EE5-87D0-78DA85C00EBD}.Release|x86.Build.0 = Release|x86
	EndGlobalSection
	GlobalSection(SolutionProperties) = preSolution
		HideSolutionNode = FALSE
	EndGlobalSection
	GlobalSection(SubversionScc) = preSolution
		Svn-Managed = True
		Manager = AnkhSVN - Subversion Support for Visual Studio
	EndGlobalSection
EndGlobal
